
Microsoft Visual Studio Solution File, Format Version 12.00
# Visual Studio Version 17
Project("{8BC9CEB8-8B4A-11D0-8D11-00A0C91BC942}") = "ALL_BUILD", "ALL_BUILD.vcxproj", "{E5D2CF8E-5F85-3C5B-934C-695F27D2E485}"
	ProjectSection(ProjectDependencies) = postProject
		{BA2876BD-7A3A-3DBC-B5EB-FA739926A26A} = {BA2876BD-7A3A-3DBC-B5EB-FA739926A26A}
		{DD6739E9-CCE4-33E2-AEF5-19545765652A} = {DD6739E9-CCE4-33E2-AEF5-19545765652A}
	EndProjectSection
EndProject
Project("{8BC9CEB8-8B4A-11D0-8D11-00A0C91BC942}") = "GuiSensor", "GuiSensor.vcxproj", "{BA2876BD-7A3A-3DBC-B5EB-FA739926A26A}"
	ProjectSection(ProjectDependencies) = postProject
		{DD6739E9-CCE4-33E2-AEF5-19545765652A} = {DD6739E9-CCE4-33E2-AEF5-19545765652A}
	EndProjectSection
EndProject
Project("{8BC9CEB8-8B4A-11D0-8D11-00A0C91BC942}") = "INSTALL", "INSTALL.vcxproj", "{C30C2D05-3C12-303A-8CCA-F705E9569DF0}"
	ProjectSection(ProjectDependencies) = postProject
		{E5D2CF8E-5F85-3C5B-934C-695F27D2E485} = {E5D2CF8E-5F85-3C5B-934C-695F27D2E485}
		{DD6739E9-CCE4-33E2-AEF5-19545765652A} = {DD6739E9-CCE4-33E2-AEF5-19545765652A}
	EndProjectSection
EndProject
Project("{8BC9CEB8-8B4A-11D0-8D11-00A0C91BC942}") = "ZERO_CHECK", "ZERO_CHECK.vcxproj", "{DD6739E9-CCE4-33E2-AEF5-19545765652A}"
	ProjectSection(ProjectDependencies) = postProject
	EndProjectSection
EndProject
Global
	GlobalSection(SolutionConfigurationPlatforms) = preSolution
		Debug|x64 = Debug|x64
		Release|x64 = Release|x64
		MinSizeRel|x64 = MinSizeRel|x64
		RelWithDebInfo|x64 = RelWithDebInfo|x64
	EndGlobalSection
	GlobalSection(ProjectConfigurationPlatforms) = postSolution
		{E5D2CF8E-5F85-3C5B-934C-695F27D2E485}.Debug|x64.ActiveCfg = Debug|x64
		{E5D2CF8E-5F85-3C5B-934C-695F27D2E485}.Debug|x64.Build.0 = Debug|x64
		{E5D2CF8E-5F85-3C5B-934C-695F27D2E485}.Release|x64.ActiveCfg = Release|x64
		{E5D2CF8E-5F85-3C5B-934C-695F27D2E485}.Release|x64.Build.0 = Release|x64
		{E5D2CF8E-5F85-3C5B-934C-695F27D2E485}.MinSizeRel|x64.ActiveCfg = MinSizeRel|x64
		{E5D2CF8E-5F85-3C5B-934C-695F27D2E485}.MinSizeRel|x64.Build.0 = MinSizeRel|x64
		{E5D2CF8E-5F85-3C5B-934C-695F27D2E485}.RelWithDebInfo|x64.ActiveCfg = RelWithDebInfo|x64
		{E5D2CF8E-5F85-3C5B-934C-695F27D2E485}.RelWithDebInfo|x64.Build.0 = RelWithDebInfo|x64
		{BA2876BD-7A3A-3DBC-B5EB-FA739926A26A}.Debug|x64.ActiveCfg = Debug|x64
		{BA2876BD-7A3A-3DBC-B5EB-FA739926A26A}.Debug|x64.Build.0 = Debug|x64
		{BA2876BD-7A3A-3DBC-B5EB-FA739926A26A}.Release|x64.ActiveCfg = Release|x64
		{BA2876BD-7A3A-3DBC-B5EB-FA739926A26A}.Release|x64.Build.0 = Release|x64
		{BA2876BD-7A3A-3DBC-B5EB-FA739926A26A}.MinSizeRel|x64.ActiveCfg = MinSizeRel|x64
		{BA2876BD-7A3A-3DBC-B5EB-FA739926A26A}.MinSizeRel|x64.Build.0 = MinSizeRel|x64
		{BA2876BD-7A3A-3DBC-B5EB-FA739926A26A}.RelWithDebInfo|x64.ActiveCfg = RelWithDebInfo|x64
		{BA2876BD-7A3A-3DBC-B5EB-FA739926A26A}.RelWithDebInfo|x64.Build.0 = RelWithDebInfo|x64
		{C30C2D05-3C12-303A-8CCA-F705E9569DF0}.Debug|x64.ActiveCfg = Debug|x64
		{C30C2D05-3C12-303A-8CCA-F705E9569DF0}.Release|x64.ActiveCfg = Release|x64
		{C30C2D05-3C12-303A-8CCA-F705E9569DF0}.MinSizeRel|x64.ActiveCfg = MinSizeRel|x64
		{C30C2D05-3C12-303A-8CCA-F705E9569DF0}.RelWithDebInfo|x64.ActiveCfg = RelWithDebInfo|x64
		{DD6739E9-CCE4-33E2-AEF5-19545765652A}.Debug|x64.ActiveCfg = Debug|x64
		{DD6739E9-CCE4-33E2-AEF5-19545765652A}.Debug|x64.Build.0 = Debug|x64
		{DD6739E9-CCE4-33E2-AEF5-19545765652A}.Release|x64.ActiveCfg = Release|x64
		{DD6739E9-CCE4-33E2-AEF5-19545765652A}.Release|x64.Build.0 = Release|x64
		{DD6739E9-CCE4-33E2-AEF5-19545765652A}.MinSizeRel|x64.ActiveCfg = MinSizeRel|x64
		{DD6739E9-CCE4-33E2-AEF5-19545765652A}.MinSizeRel|x64.Build.0 = MinSizeRel|x64
		{DD6739E9-CCE4-33E2-AEF5-19545765652A}.RelWithDebInfo|x64.ActiveCfg = RelWithDebInfo|x64
		{DD6739E9-CCE4-33E2-AEF5-19545765652A}.RelWithDebInfo|x64.Build.0 = RelWithDebInfo|x64
	EndGlobalSection
	GlobalSection(ExtensibilityGlobals) = postSolution
		SolutionGuid = {78F25AD2-27FD-355C-8C98-2A7374CB582D}
	EndGlobalSection
	GlobalSection(ExtensibilityAddIns) = postSolution
	EndGlobalSection
EndGlobal
